// !$*UTF8*$!
{
	archiveVersion = 1;
	classes = {
	};
	objectVersion = 50;
	objects = {

/* Begin PBXBuildFile section */
		5D94DD372180A9DC00722418 /* AppDelegate.swift in Sources */ = {isa = PBXBuildFile; fileRef = 5D94DD362180A9DC00722418 /* AppDelegate.swift */; };
		5D94DD392180A9DC00722418 /* ViewController.swift in Sources */ = {isa = PBXBuildFile; fileRef = 5D94DD382180A9DC00722418 /* ViewController.swift */; };
		5D94DD3C2180A9DC00722418 /* Main.storyboard in Resources */ = {isa = PBXBuildFile; fileRef = 5D94DD3A2180A9DC00722418 /* Main.storyboard */; };
		5D94DD3E2180A9DD00722418 /* Assets.xcassets in Resources */ = {isa = PBXBuildFile; fileRef = 5D94DD3D2180A9DD00722418 /* Assets.xcassets */; };
		5D94DD412180A9DD00722418 /* LaunchScreen.storyboard in Resources */ = {isa = PBXBuildFile; fileRef = 5D94DD3F2180A9DD00722418 /* LaunchScreen.storyboard */; };
		5D94DD492180AA6300722418 /* TableView.swift in Sources */ = {isa = PBXBuildFile; fileRef = 5D94DD482180AA6300722418 /* TableView.swift */; };
/* End PBXBuildFile section */

/* Begin PBXFileReference section */
		5D94DD332180A9DC00722418 /* TableViewEffect.app */ = {isa = PBXFileReference; explicitFileType = wrapper.application; includeInIndex = 0; path = TableViewEffect.app; sourceTree = BUILT_PRODUCTS_DIR; };
		5D94DD362180A9DC00722418 /* AppDelegate.swift */ = {isa = PBXFileReference; lastKnownFileType = sourcecode.swift; path = AppDelegate.swift; sourceTree = "<group>"; };
		5D94DD382180A9DC00722418 /* ViewController.swift */ = {isa = PBXFileReference; lastKnownFileType = sourcecode.swift; path = ViewController.swift; sourceTree = "<group>"; };
		5D94DD3B2180A9DC00722418 /* Base */ = {isa = PBXFileReference; lastKnownFileType = file.storyboard; name = Base; path = Base.lproj/Main.storyboard; sourceTree = "<group>"; };
		5D94DD3D2180A9DD00722418 /* Assets.xcassets */ = {isa = PBXFileReference; lastKnownFileType = folder.assetcatalog; path = Assets.xcassets; sourceTree = "<group>"; };
		5D94DD402180A9DD00722418 /* Base */ = {isa = PBXFileReference; lastKnownFileType = file.storyboard; name = Base; path = Base.lproj/LaunchScreen.storyboard; sourceTree = "<group>"; };
		5D94DD422180A9DD00722418 /* Info.plist */ = {isa = PBXFileReference; lastKnownFileType = text.plist.xml; path = Info.plist; sourceTree = "<group>"; };
		5D94DD482180AA6300722418 /* TableView.swift */ = {isa = PBXFileReference; lastKnownFileType = sourcecode.swift; path = TableView.swift; sourceTree = "<group>"; };
/* End PBXFileReference section */

/* Begin PBXFrameworksBuildPhase section */
		5D94DD302180A9DC00722418 /* Frameworks */ = {
			isa = PBXFrameworksBuildPhase;
			buildActionMask = 2147483647;
			files = (
			);
			runOnlyForDeploymentPostprocessing = 0;
		};
/* End PBXFrameworksBuildPhase section */

/* Begin PBXGroup section */
		5D94DD2A2180A9DC00722418 = {
			isa = PBXGroup;
			children = (
				5D94DD352180A9DC00722418 /* TableViewEffect */,
				5D94DD342180A9DC00722418 /* Products */,
			);
			sourceTree = "<group>";
		};
		5D94DD342180A9DC00722418 /* Products */ = {
			isa = PBXGroup;
			children = (
				5D94DD332180A9DC00722418 /* TableViewEffect.app */,
			);
			name = Products;
			sourceTree = "<group>";
		};
		5D94DD352180A9DC00722418 /* TableViewEffect */ = {
			isa = PBXGroup;
			children = (
				5D94DD362180A9DC00722418 /* AppDelegate.swift */,
				5D94DD382180A9DC00722418 /* ViewController.swift */,
				5D94DD482180AA6300722418 /* TableView.swift */,
				5D94DD3A2180A9DC00722418 /* Main.storyboard */,
				5D94DD3D2180A9DD00722418 /* Assets.xcassets */,
				5D94DD3F2180A9DD00722418 /* LaunchScreen.storyboard */,
				5D94DD422180A9DD00722418 /* Info.plist */,
			);
			path = TableViewEffect;
			sourceTree = "<group>";
		};
/* End PBXGroup section */

/* Begin PBXNativeTarget section */
		5D94DD322180A9DC00722418 /* TableViewEffect */ = {
			isa = PBXNativeTarget;
			buildConfigurationList = 5D94DD452180A9DD00722418 /* Build configuration list for PBXNativeTarget "TableViewEffect" */;
			buildPhases = (
				5D94DD2F2180A9DC00722418 /* Sources */,
				5D94DD302180A9DC00722418 /* Frameworks */,
				5D94DD312180A9DC00722418 /* Resources */,
			);
			buildRules = (
			);
			dependencies = (
			);
			name = TableViewEffect;
			productName = TableViewEffect;
			productReference = 5D94DD332180A9DC00722418 /* TableViewEffect.app */;
			productType = "com.apple.product-type.application";
		};
/* End PBXNativeTarget section */

/* Begin PBXProject section */
		5D94DD2B2180A9DC00722418 /* Project object */ = {
			isa = PBXProject;
			attributes = {
				LastSwiftUpdateCheck = 1000;
				LastUpgradeCheck = 1000;
				ORGANIZATIONNAME = "claudio Cavalli";
				TargetAttributes = {
					5D94DD322180A9DC00722418 = {
						CreatedOnToolsVersion = 10.0;
					};
				};
			};
			buildConfigurationList = 5D94DD2E2180A9DC00722418 /* Build configuration list for PBXProject "TableViewEffect" */;
			compatibilityVersion = "Xcode 9.3";
			developmentRegion = en;
			hasScannedForEncodings = 0;
			knownRegions = (
				en,
				Base,
			);
			mainGroup = 5D94DD2A2180A9DC00722418;
			productRefGroup = 5D94DD342180A9DC00722418 /* Products */;
			projectDirPath = "";
			projectRoot = "";
			targets = (
				5D94DD322180A9DC00722418 /* TableViewEffect */,
			);
		};
/* End PBXProject section */

/* Begin PBXResourcesBuildPhase section */
		5D94DD312180A9DC00722418 /* Resources */ = {
			isa = PBXResourcesBuildPhase;
			buildActionMask = 2147483647;
			files = (
				5D94DD412180A9DD00722418 /* LaunchScreen.storyboard in Resources */,
				5D94DD3E2180A9DD00722418 /* Assets.xcassets in Resources */,
				5D94DD3C2180A9DC00722418 /* Main.storyboard in Resources */,
			);
			runOnlyForDeploymentPostprocessing = 0;
		};
/* End PBXResourcesBuildPhase section */

/* Begin PBXSourcesBuildPhase section */
		5D94DD2F2180A9DC00722418 /* Sources */ = {
			isa = PBXSourcesBuildPhase;
			buildActionMask = 2147483647;
			files = (
				5D94DD392180A9DC00722418 /* ViewController.swift in Sources */,
				5D94DD492180AA6300722418 /* TableView.swift in Sources */,
				5D94DD372180A9DC00722418 /* AppDelegate.swift in Sources */,
			);
			runOnlyForDeploymentPostprocessing = 0;
		};
/* End PBXSourcesBuildPhase section */

/* Begin PBXVariantGroup section */
		5D94DD3A2180A9DC00722418 /* Main.storyboard */ = {
			isa = PBXVariantGroup;
			children = (
				5D94DD3B2180A9DC00722418 /* Base */,
			);
			name = Main.storyboard;
			sourceTree = "<group>";
		};
		5D94DD3F2180A9DD00722418 /* LaunchScreen.storyboard */ = {
			isa = PBXVariantGroup;
			children = (
				5D94DD402180A9DD00722418 /* Base */,
			);
			name = LaunchScreen.storyboard;
			sourceTree = "<group>";
		};
/* End PBXVariantGroup section */

/* Begin XCBuildConfiguration section */
		5D94DD432180A9DD00722418 /* Debug */ = {
			isa = XCBuildConfiguration;
			buildSettings = {
				ALWAYS_SEARCH_USER_PATHS = NO;
				CLANG_ANALYZER_NONNULL = YES;
				CLANG_ANALYZER_NUMBER_OBJECT_CONVERSION = YES_AGGRESSIVE;
				CLANG_CXX_LANGUAGE_STANDARD = "gnu++14";
				CLANG_CXX_LIBRARY = "libc++";
				CLANG_ENABLE_MODULES = YES;
				CLANG_ENABLE_OBJC_ARC = YES;
				CLANG_ENABLE_OBJC_WEAK = YES;
				CLANG_WARN_BLOCK_CAPTURE_AUTORELEASING = YES;
				CLANG_WARN_BOOL_CONVERSION = YES;
				CLANG_WARN_COMMA = YES;
				CLANG_WARN_CONSTANT_CONVERSION = YES;
				CLANG_WARN_DEPRECATED_OBJC_IMPLEMENTATIONS = YES;
				CLANG_WARN_DIRECT_OBJC_ISA_USAGE = YES_ERROR;
				CLANG_WARN_DOCUMENTATION_COMMENTS = YES;
				CLANG_WARN_EMPTY_BODY = YES;
				CLANG_WARN_ENUM_CONVERSION = YES;
				CLANG_WARN_INFINITE_RECURSION = YES;
				CLANG_WARN_INT_CONVERSION = YES;
				CLANG_WARN_NON_LITERAL_NULL_CONVERSION = YES;
				CLANG_WARN_OBJC_IMPLICIT_RETAIN_SELF = YES;
				CLANG_WARN_OBJC_LITERAL_CONVERSION = YES;
				CLANG_WARN_OBJC_ROOT_CLASS = YES_ERROR;
				CLANG_WARN_RANGE_LOOP_ANALYSIS = YES;
				CLANG_WARN_STRICT_PROTOTYPES = YES;
				CLANG_WARN_SUSPICIOUS_MOVE = YES;
				CLANG_WARN_UNGUARDED_AVAILABILITY = YES_AGGRESSIVE;
				CLANG_WARN_UNREACHABLE_CODE = YES;
				CLANG_WARN__DUPLICATE_METHOD_MATCH = YES;
				CODE_SIGN_IDENTITY = "iPhone Developer";
				COPY_PHASE_STRIP = NO;
				DEBUG_INFORMATION_FORMAT = dwarf;
				ENABLE_STRICT_OBJC_MSGSEND = YES;
				ENABLE_TESTABILITY = YES;
				GCC_C_LANGUAGE_STANDARD = gnu11;
				GCC_DYNAMIC_NO_PIC = NO;
				GCC_NO_COMMON_BLOCKS = YES;
				GCC_OPTIMIZATION_LEVEL = 0;
				GCC_PREPROCESSOR_DEFINITIONS = (
					"DEBUG=1",
					"$(inherited)",
				);
				GCC_WARN_64_TO_32_BIT_CONVERSION = YES;
				GCC_WARN_ABOUT_RETURN_TYPE = YES_ERROR;
				GCC_WARN_UNDECLARED_SELECTOR = YES;
				GCC_WARN_UNINITIALIZED_AUTOS = YES_AGGRESSIVE;
				GCC_WARN_UNUSED_FUNCTION = YES;
				GCC_WARN_UNUSED_VARIABLE = YES;
				IPHONEOS_DEPLOYMENT_TARGET = 12.0;
				MTL_ENABLE_DEBUG_INFO = INCLUDE_SOURCE;
				MTL_FAST_MATH = YES;
				ONLY_ACTIVE_ARCH = YES;
				SDKROOT = iphoneos;
				SWIFT_ACTIVE_COMPILATION_CONDITIONS = DEBUG;
				SWIFT_OPTIMIZATION_LEVEL = "-Onone";
			};
			name = Debug;
		};
		5D94DD442180A9DD00722418 /* Release */ = {
			isa = XCBuildConfiguration;
			buildSettings = {
				ALWAYS_SEARCH_USER_PATHS = NO;
				CLANG_ANALYZER_NONNULL = YES;
				CLANG_ANALYZER_NUMBER_OBJECT_CONVERSION = YES_AGGRESSIVE;
				CLANG_CXX_LANGUAGE_STANDARD = "gnu++14";
				CLANG_CXX_LIBRARY = "libc++";
				CLANG_ENABLE_MODULES = YES;
				CLANG_ENABLE_OBJC_ARC = YES;
				CLANG_ENABLE_OBJC_WEAK = YES;
				CLANG_WARN_BLOCK_CAPTURE_AUTORELEASING = YES;
				CLANG_WARN_BOOL_CONVERSION = YES;
				CLANG_WARN_COMMA = YES;
				CLANG_WARN_CONSTANT_CONVERSION = YES;
				CLANG_WARN_DEPRECATED_OBJC_IMPLEMENTATIONS = YES;
				CLANG_WARN_DIRECT_OBJC_ISA_USAGE = YES_ERROR;
				CLANG_WARN_DOCUMENTATION_COMMENTS = YES;
				CLANG_WARN_EMPTY_BODY = YES;
				CLANG_WARN_ENUM_CONVERSION = YES;
				CLANG_WARN_INFINITE_RECURSION = YES;
				CLANG_WARN_INT_CONVERSION = YES;
				CLANG_WARN_NON_LITERAL_NULL_CONVERSION = YES;
				CLANG_WARN_OBJC_IMPLICIT_RETAIN_SELF = YES;
				CLANG_WARN_OBJC_LITERAL_CONVERSION = YES;
				CLANG_WARN_OBJC_ROOT_CLASS = YES_ERROR;
				CLANG_WARN_RANGE_LOOP_ANALYSIS = YES;
				CLANG_WARN_STRICT_PROTOTYPES = YES;
				CLANG_WARN_SUSPICIOUS_MOVE = YES;
				CLANG_WARN_UNGUARDED_AVAILABILITY = YES_AGGRESSIVE;
				CLANG_WARN_UNREACHABLE_CODE = YES;
				CLANG_WARN__DUPLICATE_METHOD_MATCH = YES;
				CODE_SIGN_IDENTITY = "iPhone Developer";
				COPY_PHASE_STRIP = NO;
				DEBUG_INFORMATION_FORMAT = "dwarf-with-dsym";
				ENABLE_NS_ASSERTIONS = NO;
				ENABLE_STRICT_OBJC_MSGSEND = YES;
				GCC_C_LANGUAGE_STANDARD = gnu11;
				GCC_NO_COMMON_BLOCKS = YES;
				GCC_WARN_64_TO_32_BIT_CONVERSION = YES;
				GCC_WARN_ABOUT_RETURN_TYPE = YES_ERROR;
				GCC_WARN_UNDECLARED_SELECTOR = YES;
				GCC_WARN_UNINITIALIZED_AUTOS = YES_AGGRESSIVE;
				GCC_WARN_UNUSED_FUNCTION = YES;
				GCC_WARN_UNUSED_VARIABLE = YES;
				IPHONEOS_DEPLOYMENT_TARGET = 12.0;
				MTL_ENABLE_DEBUG_INFO = NO;
				MTL_FAST_MATH = YES;
				SDKROOT = iphoneos;
				SWIFT_COMPILATION_MODE = wholemodule;
				SWIFT_OPTIMIZATION_LEVEL = "-O";
				VALIDATE_PRODUCT = YES;
			};
			name = Release;
		};
		5D94DD462180A9DD00722418 /* Debug */ = {
			isa = XCBuildConfiguration;
			buildSettings = {
				ASSETCATALOG_COMPILER_APPICON_NAME = AppIcon;
				CODE_SIGN_STYLE = Automatic;
				DEVELOPMENT_TEAM = PZBP22QQCA;
				INFOPLIST_FILE = TableViewEffect/Info.plist;
				LD_RUNPATH_SEARCH_PATHS = (
					"$(inherited)",
					"@executable_path/Frameworks",
				);
				PRODUCT_BUNDLE_IDENTIFIER = TimeKick.TableViewEffect;
				PRODUCT_NAME = "$(TARGET_NAME)";
				SWIFT_VERSION = 4.2;
				TARGETED_DEVICE_FAMILY = "1,2";
			};
			name = Debug;
		};
		5D94DD472180A9DD00722418 /* Release */ = {
			isa = XCBuildConfiguration;
			buildSettings = {
				ASSETCATALOG_COMPILER_APPICON_NAME = AppIcon;
				CODE_SIGN_STYLE = Automatic;
				DEVELOPMENT_TEAM = PZBP22QQCA;
				INFOPLIST_FILE = TableViewEffect/Info.plist;
				LD_RUNPATH_SEARCH_PATHS = (
					"$(inherited)",
					"@executable_path/Frameworks",
				);
				PRODUCT_BUNDLE_IDENTIFIER = TimeKick.TableViewEffect;
				PRODUCT_NAME = "$(TARGET_NAME)";
				SWIFT_VERSION = 4.2;
				TARGETED_DEVICE_FAMILY = "1,2";
			};
			name = Release;
		};
/* End XCBuildConfiguration section */

/* Begin XCConfigurationList section */
		5D94DD2E2180A9DC00722418 /* Build configuration list for PBXProject "TableViewEffect" */ = {
			isa = XCConfigurationList;
			buildConfigurations = (
				5D94DD432180A9DD00722418 /* Debug */,
				5D94DD442180A9DD00722418 /* Release */,
			);
			defaultConfigurationIsVisible = 0;
			defaultConfigurationName = Release;
		};
		5D94DD452180A9DD00722418 /* Build configuration list for PBXNativeTarget "TableViewEffect" */ = {
			isa = XCConfigurationList;
			buildConfigurations = (
				5D94DD462180A9DD00722418 /* Debug */,
				5D94DD472180A9DD00722418 /* Release */,
			);
			defaultConfigurationIsVisible = 0;
			defaultConfigurationName = Release;
		};
/* End XCConfigurationList section */
	};
	rootObject = 5D94DD2B2180A9DC00722418 /* Project object */;
}
